
Microsoft Visual Studio Solution File, Format Version 12.00
# Visual Studio 14
VisualStudioVersion = 14.0.24720.0
MinimumVisualStudioVersion = 10.0.40219.1
Project("{2150E333-8FDC-42A3-9474-1A3956D46DE8}") = "src", "src", "{FEEA78D0-FFAF-4757-B45D-1B852DFD7608}"
EndProject
Project("{2150E333-8FDC-42A3-9474-1A3956D46DE8}") = "Solution Items", "Solution Items", "{AF089493-8691-4267-A531-C85313B3D8DD}"
	ProjectSection(SolutionItems) = preProject
		global.json = global.json
	EndProjectSection
EndProject
Project("{8BB2217D-0F2D-49D1-97BC-3654ED321F3B}") = "cloudscribe.DbHelpers.Firebird", "src\cloudscribe.DbHelpers.Firebird\cloudscribe.DbHelpers.Firebird.xproj", "{7171E4CB-64B4-4163-9493-84BADAF5DD87}"
EndProject
Project("{8BB2217D-0F2D-49D1-97BC-3654ED321F3B}") = "cloudscribe.DbHelpers.MSSQL", "src\cloudscribe.DbHelpers.MSSQL\cloudscribe.DbHelpers.MSSQL.xproj", "{BAE219E5-8A44-4475-B866-4EDE4688346D}"
EndProject
Project("{8BB2217D-0F2D-49D1-97BC-3654ED321F3B}") = "cloudscribe.DbHelpers.MySql", "src\cloudscribe.DbHelpers.MySql\cloudscribe.DbHelpers.MySql.xproj", "{54484BD9-BF09-4E00-A279-E8CC3C65D851}"
EndProject
Project("{8BB2217D-0F2D-49D1-97BC-3654ED321F3B}") = "cloudscribe.DbHelpers.SqlCe", "src\cloudscribe.DbHelpers.SqlCe\cloudscribe.DbHelpers.SqlCe.xproj", "{E59FC2F0-6808-4502-98BC-90E5C16CCFF9}"
EndProject
Project("{8BB2217D-0F2D-49D1-97BC-3654ED321F3B}") = "cloudscribe.DbHelpers.Sqlite", "src\cloudscribe.DbHelpers.SQLite\cloudscribe.DbHelpers.Sqlite.xproj", "{DDFB41DA-6AA7-4656-A02D-1A41B0E69D0B}"
EndProject
Project("{8BB2217D-0F2D-49D1-97BC-3654ED321F3B}") = "cloudscribe.DbHelpers.Ado", "src\cloudscribe.DbHelpers.Ado\cloudscribe.DbHelpers.Ado.xproj", "{2A2ECA78-5FAC-4DA7-8279-02209FFDCBD0}"
EndProject
Global
	GlobalSection(SolutionConfigurationPlatforms) = preSolution
		Debug|Any CPU = Debug|Any CPU
		Release|Any CPU = Release|Any CPU
	EndGlobalSection
	GlobalSection(ProjectConfigurationPlatforms) = postSolution
		{7171E4CB-64B4-4163-9493-84BADAF5DD87}.Debug|Any CPU.ActiveCfg = Debug|Any CPU
		{7171E4CB-64B4-4163-9493-84BADAF5DD87}.Debug|Any CPU.Build.0 = Debug|Any CPU
		{7171E4CB-64B4-4163-9493-84BADAF5DD87}.Release|Any CPU.ActiveCfg = Release|Any CPU
		{7171E4CB-64B4-4163-9493-84BADAF5DD87}.Release|Any CPU.Build.0 = Release|Any CPU
		{BAE219E5-8A44-4475-B866-4EDE4688346D}.Debug|Any CPU.ActiveCfg = Debug|Any CPU
		{BAE219E5-8A44-4475-B866-4EDE4688346D}.Debug|Any CPU.Build.0 = Debug|Any CPU
		{BAE219E5-8A44-4475-B866-4EDE4688346D}.Release|Any CPU.ActiveCfg = Release|Any CPU
		{BAE219E5-8A44-4475-B866-4EDE4688346D}.Release|Any CPU.Build.0 = Release|Any CPU
		{54484BD9-BF09-4E00-A279-E8CC3C65D851}.Debug|Any CPU.ActiveCfg = Debug|Any CPU
		{54484BD9-BF09-4E00-A279-E8CC3C65D851}.Debug|Any CPU.Build.0 = Debug|Any CPU
		{54484BD9-BF09-4E00-A279-E8CC3C65D851}.Release|Any CPU.ActiveCfg = Release|Any CPU
		{54484BD9-BF09-4E00-A279-E8CC3C65D851}.Release|Any CPU.Build.0 = Release|Any CPU
		{E59FC2F0-6808-4502-98BC-90E5C16CCFF9}.Debug|Any CPU.ActiveCfg = Debug|Any CPU
		{E59FC2F0-6808-4502-98BC-90E5C16CCFF9}.Debug|Any CPU.Build.0 = Debug|Any CPU
		{E59FC2F0-6808-4502-98BC-90E5C16CCFF9}.Release|Any CPU.ActiveCfg = Release|Any CPU
		{E59FC2F0-6808-4502-98BC-90E5C16CCFF9}.Release|Any CPU.Build.0 = Release|Any CPU
		{DDFB41DA-6AA7-4656-A02D-1A41B0E69D0B}.Debug|Any CPU.ActiveCfg = Debug|Any CPU
		{DDFB41DA-6AA7-4656-A02D-1A41B0E69D0B}.Debug|Any CPU.Build.0 = Debug|Any CPU
		{DDFB41DA-6AA7-4656-A02D-1A41B0E69D0B}.Release|Any CPU.ActiveCfg = Release|Any CPU
		{DDFB41DA-6AA7-4656-A02D-1A41B0E69D0B}.Release|Any CPU.Build.0 = Release|Any CPU
		{2A2ECA78-5FAC-4DA7-8279-02209FFDCBD0}.Debug|Any CPU.ActiveCfg = Debug|Any CPU
		{2A2ECA78-5FAC-4DA7-8279-02209FFDCBD0}.Debug|Any CPU.Build.0 = Debug|Any CPU
		{2A2ECA78-5FAC-4DA7-8279-02209FFDCBD0}.Release|Any CPU.ActiveCfg = Release|Any CPU
		{2A2ECA78-5FAC-4DA7-8279-02209FFDCBD0}.Release|Any CPU.Build.0 = Release|Any CPU
	EndGlobalSection
	GlobalSection(SolutionProperties) = preSolution
		HideSolutionNode = FALSE
	EndGlobalSection
	GlobalSection(NestedProjects) = preSolution
		{7171E4CB-64B4-4163-9493-84BADAF5DD87} = {FEEA78D0-FFAF-4757-B45D-1B852DFD7608}
		{BAE219E5-8A44-4475-B866-4EDE4688346D} = {FEEA78D0-FFAF-4757-B45D-1B852DFD7608}
		{54484BD9-BF09-4E00-A279-E8CC3C65D851} = {FEEA78D0-FFAF-4757-B45D-1B852DFD7608}
		{E59FC2F0-6808-4502-98BC-90E5C16CCFF9} = {FEEA78D0-FFAF-4757-B45D-1B852DFD7608}
		{DDFB41DA-6AA7-4656-A02D-1A41B0E69D0B} = {FEEA78D0-FFAF-4757-B45D-1B852DFD7608}
		{2A2ECA78-5FAC-4DA7-8279-02209FFDCBD0} = {FEEA78D0-FFAF-4757-B45D-1B852DFD7608}
	EndGlobalSection
EndGlobal
